
Microsoft Visual Studio Solution File, Format Version 12.00
# Visual Studio 15
VisualStudioVersion = 15.0.27428.2015
MinimumVisualStudioVersion = 10.0.40219.1
Project("{FAE04EC0-301F-11D3-BF4B-00C04F79EFBC}") = "TurboWaffle", "TurboWaffle\TurboWaffle.csproj", "{89742654-C554-4F0D-A33F-4C603AF8907E}"
EndProject
Project("{FAE04EC0-301F-11D3-BF4B-00C04F79EFBC}") = "TurboWaffle.Test", "TurboWaffle.Test\TurboWaffle.Test.csproj", "{EB662F7B-FE26-4E1F-ACB2-675F2907DD79}"
EndProject
Global
	GlobalSection(SolutionConfigurationPlatforms) = preSolution
		Debug|Any CPU = Debug|Any CPU
		Release|Any CPU = Release|Any CPU
	EndGlobalSection
	GlobalSection(ProjectConfigurationPlatforms) = postSolution
		{89742654-C554-4F0D-A33F-4C603AF8907E}.Debug|Any CPU.ActiveCfg = Debug|Any CPU
		{89742654-C554-4F0D-A33F-4C603AF8907E}.Debug|Any CPU.Build.0 = Debug|Any CPU
		{89742654-C554-4F0D-A33F-4C603AF8907E}.Release|Any CPU.ActiveCfg = Release|Any CPU
		{89742654-C554-4F0D-A33F-4C603AF8907E}.Release|Any CPU.Build.0 = Release|Any CPU
		{EB662F7B-FE26-4E1F-ACB2-675F2907DD79}.Debug|Any CPU.ActiveCfg = Debug|Any CPU
		{EB662F7B-FE26-4E1F-ACB2-675F2907DD79}.Debug|Any CPU.Build.0 = Debug|Any CPU
		{EB662F7B-FE26-4E1F-ACB2-675F2907DD79}.Release|Any CPU.ActiveCfg = Release|Any CPU
		{EB662F7B-FE26-4E1F-ACB2-675F2907DD79}.Release|Any CPU.Build.0 = Release|Any CPU
	EndGlobalSection
	GlobalSection(SolutionProperties) = preSolution
		HideSolutionNode = FALSE
	EndGlobalSection
	GlobalSection(ExtensibilityGlobals) = postSolution
		SolutionGuid = {EA505E21-017B-4E1F-B3A0-5137477850F5}
	EndGlobalSection
EndGlobal
